
Microsoft Visual Studio Solution File, Format Version 12.00
# Visual Studio Version 17
VisualStudioVersion = 17.1.32328.378
MinimumVisualStudioVersion = 10.0.40219.1
Project("{2150E333-8FDC-42A3-9474-1A3956D46DE8}") = "Services", "Services", "{7D82A5EB-BFE6-4AC5-9D1D-B49D5DE2AE98}"
EndProject
Project("{2150E333-8FDC-42A3-9474-1A3956D46DE8}") = "Product", "Product", "{06010007-02A9-4DA2-B6D5-15638EFA365F}"
EndProject
Project("{9A19103F-16F7-4668-BE54-9A1E7A4F7556}") = "Product.API", "Services\Product\Product.API\Product.API.csproj", "{56D477B7-3C4E-49B0-97C0-505D30580226}"
EndProject
Project("{9A19103F-16F7-4668-BE54-9A1E7A4F7556}") = "Product.UnitTests", "Services\Product\Product.UnitTests\Product.UnitTests.csproj", "{DB54366E-8709-4F41-AD33-0F88A4D1516B}"
EndProject
Project("{2150E333-8FDC-42A3-9474-1A3956D46DE8}") = "Ordering", "Ordering", "{5904A64C-B6D1-43D8-AEEC-268FA8D30651}"
EndProject
Project("{2150E333-8FDC-42A3-9474-1A3956D46DE8}") = "Customer", "Customer", "{F4413772-DD38-428B-8CA3-78D8E158D2EE}"
EndProject
Project("{9A19103F-16F7-4668-BE54-9A1E7A4F7556}") = "Ordering.Api", "Services\Ordering\Ordering.Api\Ordering.Api.csproj", "{96C8CB80-05E9-4702-9C51-C2A4BB8CBD63}"
EndProject
Project("{9A19103F-16F7-4668-BE54-9A1E7A4F7556}") = "Ordering.Infrastructure", "Services\Ordering\Ordering.Infrastructure\Ordering.Infrastructure.csproj", "{182BEAE1-923D-49D3-9DF1-C23C4FDFAF63}"
EndProject
Project("{9A19103F-16F7-4668-BE54-9A1E7A4F7556}") = "Ordering.Core", "Services\Ordering\Ordering.Core\Ordering.Core.csproj", "{78ECDACA-8EB4-4D8F-B577-D53F55F29BC3}"
EndProject
Project("{E53339B2-1760-4266-BCC7-CA923CBCF16C}") = "docker-compose", "docker-compose.dcproj", "{5918101C-88E4-476D-A59A-A6504F262E79}"
EndProject
Project("{9A19103F-16F7-4668-BE54-9A1E7A4F7556}") = "Ordering.UnitTests", "Services\Ordering\Ordering.UnitTests\Ordering.UnitTests.csproj", "{422A4E33-C62E-4F95-AAF8-1EA4A5463E49}"
EndProject
Project("{2150E333-8FDC-42A3-9474-1A3956D46DE8}") = "Architecture", "Architecture", "{2AB76BEB-BC7F-4B7E-9616-0748C95ACE38}"
EndProject
Project("{2150E333-8FDC-42A3-9474-1A3956D46DE8}") = "ClassDiagrams", "ClassDiagrams", "{682EE3AF-898D-45DC-AC55-F3B668FC256A}"
EndProject
Project("{9A19103F-16F7-4668-BE54-9A1E7A4F7556}") = "Customer.API", "Services\Customer\Customer.API\Customer.API.csproj", "{5088E23B-7574-4585-9186-45BA5B626D07}"
EndProject
Project("{2150E333-8FDC-42A3-9474-1A3956D46DE8}") = "BuildingBlocks", "BuildingBlocks", "{9A27EA18-56CD-40B5-A3AB-D7FCF0FBCEEB}"
EndProject
Project("{9A19103F-16F7-4668-BE54-9A1E7A4F7556}") = "EventBus.Messages", "BuildingBlocks\EventBus.Messages\EventBus.Messages.csproj", "{D12ED0DC-27CC-4351-BF49-32F3C6D6217D}"
EndProject
Project("{9A19103F-16F7-4668-BE54-9A1E7A4F7556}") = "Customer.Tests", "Services\Customer\Customer.Tests\Customer.Tests.csproj", "{20672595-79C1-4498-A393-7B7D7B9A0AD8}"
EndProject
Global
	GlobalSection(SolutionConfigurationPlatforms) = preSolution
		Debug|Any CPU = Debug|Any CPU
		Release|Any CPU = Release|Any CPU
	EndGlobalSection
	GlobalSection(ProjectConfigurationPlatforms) = postSolution
		{56D477B7-3C4E-49B0-97C0-505D30580226}.Debug|Any CPU.ActiveCfg = Debug|Any CPU
		{56D477B7-3C4E-49B0-97C0-505D30580226}.Debug|Any CPU.Build.0 = Debug|Any CPU
		{56D477B7-3C4E-49B0-97C0-505D30580226}.Release|Any CPU.ActiveCfg = Release|Any CPU
		{56D477B7-3C4E-49B0-97C0-505D30580226}.Release|Any CPU.Build.0 = Release|Any CPU
		{DB54366E-8709-4F41-AD33-0F88A4D1516B}.Debug|Any CPU.ActiveCfg = Debug|Any CPU
		{DB54366E-8709-4F41-AD33-0F88A4D1516B}.Debug|Any CPU.Build.0 = Debug|Any CPU
		{DB54366E-8709-4F41-AD33-0F88A4D1516B}.Release|Any CPU.ActiveCfg = Release|Any CPU
		{DB54366E-8709-4F41-AD33-0F88A4D1516B}.Release|Any CPU.Build.0 = Release|Any CPU
		{96C8CB80-05E9-4702-9C51-C2A4BB8CBD63}.Debug|Any CPU.ActiveCfg = Debug|Any CPU
		{96C8CB80-05E9-4702-9C51-C2A4BB8CBD63}.Debug|Any CPU.Build.0 = Debug|Any CPU
		{96C8CB80-05E9-4702-9C51-C2A4BB8CBD63}.Release|Any CPU.ActiveCfg = Release|Any CPU
		{96C8CB80-05E9-4702-9C51-C2A4BB8CBD63}.Release|Any CPU.Build.0 = Release|Any CPU
		{182BEAE1-923D-49D3-9DF1-C23C4FDFAF63}.Debug|Any CPU.ActiveCfg = Debug|Any CPU
		{182BEAE1-923D-49D3-9DF1-C23C4FDFAF63}.Debug|Any CPU.Build.0 = Debug|Any CPU
		{182BEAE1-923D-49D3-9DF1-C23C4FDFAF63}.Release|Any CPU.ActiveCfg = Release|Any CPU
		{182BEAE1-923D-49D3-9DF1-C23C4FDFAF63}.Release|Any CPU.Build.0 = Release|Any CPU
		{78ECDACA-8EB4-4D8F-B577-D53F55F29BC3}.Debug|Any CPU.ActiveCfg = Debug|Any CPU
		{78ECDACA-8EB4-4D8F-B577-D53F55F29BC3}.Debug|Any CPU.Build.0 = Debug|Any CPU
		{78ECDACA-8EB4-4D8F-B577-D53F55F29BC3}.Release|Any CPU.ActiveCfg = Release|Any CPU
		{78ECDACA-8EB4-4D8F-B577-D53F55F29BC3}.Release|Any CPU.Build.0 = Release|Any CPU
		{5918101C-88E4-476D-A59A-A6504F262E79}.Debug|Any CPU.ActiveCfg = Debug|Any CPU
		{5918101C-88E4-476D-A59A-A6504F262E79}.Debug|Any CPU.Build.0 = Debug|Any CPU
		{5918101C-88E4-476D-A59A-A6504F262E79}.Release|Any CPU.ActiveCfg = Release|Any CPU
		{5918101C-88E4-476D-A59A-A6504F262E79}.Release|Any CPU.Build.0 = Release|Any CPU
		{422A4E33-C62E-4F95-AAF8-1EA4A5463E49}.Debug|Any CPU.ActiveCfg = Debug|Any CPU
		{422A4E33-C62E-4F95-AAF8-1EA4A5463E49}.Debug|Any CPU.Build.0 = Debug|Any CPU
		{422A4E33-C62E-4F95-AAF8-1EA4A5463E49}.Release|Any CPU.ActiveCfg = Release|Any CPU
		{422A4E33-C62E-4F95-AAF8-1EA4A5463E49}.Release|Any CPU.Build.0 = Release|Any CPU
		{5088E23B-7574-4585-9186-45BA5B626D07}.Debug|Any CPU.ActiveCfg = Debug|Any CPU
		{5088E23B-7574-4585-9186-45BA5B626D07}.Debug|Any CPU.Build.0 = Debug|Any CPU
		{5088E23B-7574-4585-9186-45BA5B626D07}.Release|Any CPU.ActiveCfg = Release|Any CPU
		{5088E23B-7574-4585-9186-45BA5B626D07}.Release|Any CPU.Build.0 = Release|Any CPU
		{D12ED0DC-27CC-4351-BF49-32F3C6D6217D}.Debug|Any CPU.ActiveCfg = Debug|Any CPU
		{D12ED0DC-27CC-4351-BF49-32F3C6D6217D}.Debug|Any CPU.Build.0 = Debug|Any CPU
		{D12ED0DC-27CC-4351-BF49-32F3C6D6217D}.Release|Any CPU.ActiveCfg = Release|Any CPU
		{D12ED0DC-27CC-4351-BF49-32F3C6D6217D}.Release|Any CPU.Build.0 = Release|Any CPU
		{20672595-79C1-4498-A393-7B7D7B9A0AD8}.Debug|Any CPU.ActiveCfg = Debug|Any CPU
		{20672595-79C1-4498-A393-7B7D7B9A0AD8}.Debug|Any CPU.Build.0 = Debug|Any CPU
		{20672595-79C1-4498-A393-7B7D7B9A0AD8}.Release|Any CPU.ActiveCfg = Release|Any CPU
		{20672595-79C1-4498-A393-7B7D7B9A0AD8}.Release|Any CPU.Build.0 = Release|Any CPU
	EndGlobalSection
	GlobalSection(SolutionProperties) = preSolution
		HideSolutionNode = FALSE
	EndGlobalSection
	GlobalSection(NestedProjects) = preSolution
		{06010007-02A9-4DA2-B6D5-15638EFA365F} = {7D82A5EB-BFE6-4AC5-9D1D-B49D5DE2AE98}
		{56D477B7-3C4E-49B0-97C0-505D30580226} = {06010007-02A9-4DA2-B6D5-15638EFA365F}
		{DB54366E-8709-4F41-AD33-0F88A4D1516B} = {06010007-02A9-4DA2-B6D5-15638EFA365F}
		{5904A64C-B6D1-43D8-AEEC-268FA8D30651} = {7D82A5EB-BFE6-4AC5-9D1D-B49D5DE2AE98}
		{F4413772-DD38-428B-8CA3-78D8E158D2EE} = {7D82A5EB-BFE6-4AC5-9D1D-B49D5DE2AE98}
		{96C8CB80-05E9-4702-9C51-C2A4BB8CBD63} = {5904A64C-B6D1-43D8-AEEC-268FA8D30651}
		{182BEAE1-923D-49D3-9DF1-C23C4FDFAF63} = {5904A64C-B6D1-43D8-AEEC-268FA8D30651}
		{78ECDACA-8EB4-4D8F-B577-D53F55F29BC3} = {5904A64C-B6D1-43D8-AEEC-268FA8D30651}
		{422A4E33-C62E-4F95-AAF8-1EA4A5463E49} = {5904A64C-B6D1-43D8-AEEC-268FA8D30651}
		{682EE3AF-898D-45DC-AC55-F3B668FC256A} = {2AB76BEB-BC7F-4B7E-9616-0748C95ACE38}
		{5088E23B-7574-4585-9186-45BA5B626D07} = {F4413772-DD38-428B-8CA3-78D8E158D2EE}
		{D12ED0DC-27CC-4351-BF49-32F3C6D6217D} = {9A27EA18-56CD-40B5-A3AB-D7FCF0FBCEEB}
		{20672595-79C1-4498-A393-7B7D7B9A0AD8} = {F4413772-DD38-428B-8CA3-78D8E158D2EE}
	EndGlobalSection
	GlobalSection(ExtensibilityGlobals) = postSolution
		SolutionGuid = {035AD543-5503-4D5A-BE70-1E8A27800C68}
	EndGlobalSection
EndGlobal
